
Microsoft Visual Studio Solution File, Format Version 12.00
# Visual Studio Version 17
VisualStudioVersion = 17.2.32630.192
MinimumVisualStudioVersion = 10.0.40219.1
Project("{9A19103F-16F7-4668-BE54-9A1E7A4F7556}") = "R5T.T0210.Construction", "R5T.T0210.Construction\R5T.T0210.Construction.csproj", "{0AB11A00-521D-4BB0-93BD-E4B2D19EA9DA}"
EndProject
Project("{9A19103F-16F7-4668-BE54-9A1E7A4F7556}") = "R5T.T0210", "R5T.T0210\R5T.T0210.csproj", "{27039453-A3D7-4BE4-A15A-E93057BE4DD8}"
EndProject
Project("{2150E333-8FDC-42A3-9474-1A3956D46DE8}") = "_Dependencies", "_Dependencies", "{98D5B845-C1F0-4512-B3E0-8682751F9452}"
EndProject
Project("{9A19103F-16F7-4668-BE54-9A1E7A4F7556}") = "R5T.T0132", "..\..\R5T.T0132\source\R5T.T0132\R5T.T0132.csproj", "{770B865C-D359-4DD8-B85E-8B94724F6CAA}"
EndProject
Project("{9A19103F-16F7-4668-BE54-9A1E7A4F7556}") = "R5T.T0143", "..\..\R5T.T0143\source\R5T.T0143\R5T.T0143.csproj", "{797C8974-1432-44E6-8419-379558D3012B}"
EndProject
Project("{9A19103F-16F7-4668-BE54-9A1E7A4F7556}") = "R5T.T0178", "..\..\R5T.T0178\source\R5T.T0178\R5T.T0178.csproj", "{DDD1B649-6085-46C4-A731-CA0A223ACE56}"
EndProject
Project("{9A19103F-16F7-4668-BE54-9A1E7A4F7556}") = "R5T.T0179", "..\..\R5T.T0179\source\R5T.T0179\R5T.T0179.csproj", "{BDB676BC-3A39-44B1-A5D7-C6ADC3CD0116}"
EndProject
Project("{9A19103F-16F7-4668-BE54-9A1E7A4F7556}") = "R5T.T0185", "..\..\R5T.T0185\source\R5T.T0185\R5T.T0185.csproj", "{A9C1FA12-43A9-4812-BD63-4E064544D811}"
EndProject
Project("{9A19103F-16F7-4668-BE54-9A1E7A4F7556}") = "R5T.T0203", "..\..\R5T.T0203\source\R5T.T0203\R5T.T0203.csproj", "{8103463D-A189-435D-AD18-D7BF58EFC4E6}"
EndProject
Global
	GlobalSection(NestedProjects) = preSolution
		{770B865C-D359-4DD8-B85E-8B94724F6CAA} = {98D5B845-C1F0-4512-B3E0-8682751F9452}
		{797C8974-1432-44E6-8419-379558D3012B} = {98D5B845-C1F0-4512-B3E0-8682751F9452}
		{DDD1B649-6085-46C4-A731-CA0A223ACE56} = {98D5B845-C1F0-4512-B3E0-8682751F9452}
		{BDB676BC-3A39-44B1-A5D7-C6ADC3CD0116} = {98D5B845-C1F0-4512-B3E0-8682751F9452}
		{A9C1FA12-43A9-4812-BD63-4E064544D811} = {98D5B845-C1F0-4512-B3E0-8682751F9452}
		{8103463D-A189-435D-AD18-D7BF58EFC4E6} = {98D5B845-C1F0-4512-B3E0-8682751F9452}
	EndGlobalSection
	GlobalSection(SolutionConfigurationPlatforms) = preSolution
		Debug|Any CPU = Debug|Any CPU
		Release|Any CPU = Release|Any CPU
	EndGlobalSection
	GlobalSection(ProjectConfigurationPlatforms) = postSolution
		{0AB11A00-521D-4BB0-93BD-E4B2D19EA9DA}.Debug|Any CPU.ActiveCfg = Debug|Any CPU
		{0AB11A00-521D-4BB0-93BD-E4B2D19EA9DA}.Debug|Any CPU.Build.0 = Debug|Any CPU
		{0AB11A00-521D-4BB0-93BD-E4B2D19EA9DA}.Release|Any CPU.ActiveCfg = Release|Any CPU
		{0AB11A00-521D-4BB0-93BD-E4B2D19EA9DA}.Release|Any CPU.Build.0 = Release|Any CPU
		{27039453-A3D7-4BE4-A15A-E93057BE4DD8}.Debug|Any CPU.ActiveCfg = Debug|Any CPU
		{27039453-A3D7-4BE4-A15A-E93057BE4DD8}.Debug|Any CPU.Build.0 = Debug|Any CPU
		{27039453-A3D7-4BE4-A15A-E93057BE4DD8}.Release|Any CPU.ActiveCfg = Release|Any CPU
		{27039453-A3D7-4BE4-A15A-E93057BE4DD8}.Release|Any CPU.Build.0 = Release|Any CPU
		{770B865C-D359-4DD8-B85E-8B94724F6CAA}.Debug|Any CPU.ActiveCfg = Debug|Any CPU
		{770B865C-D359-4DD8-B85E-8B94724F6CAA}.Debug|Any CPU.Build.0 = Debug|Any CPU
		{770B865C-D359-4DD8-B85E-8B94724F6CAA}.Release|Any CPU.ActiveCfg = Release|Any CPU
		{770B865C-D359-4DD8-B85E-8B94724F6CAA}.Release|Any CPU.Build.0 = Release|Any CPU
		{797C8974-1432-44E6-8419-379558D3012B}.Debug|Any CPU.ActiveCfg = Debug|Any CPU
		{797C8974-1432-44E6-8419-379558D3012B}.Debug|Any CPU.Build.0 = Debug|Any CPU
		{797C8974-1432-44E6-8419-379558D3012B}.Release|Any CPU.ActiveCfg = Release|Any CPU
		{797C8974-1432-44E6-8419-379558D3012B}.Release|Any CPU.Build.0 = Release|Any CPU
		{DDD1B649-6085-46C4-A731-CA0A223ACE56}.Debug|Any CPU.ActiveCfg = Debug|Any CPU
		{DDD1B649-6085-46C4-A731-CA0A223ACE56}.Debug|Any CPU.Build.0 = Debug|Any CPU
		{DDD1B649-6085-46C4-A731-CA0A223ACE56}.Release|Any CPU.ActiveCfg = Release|Any CPU
		{DDD1B649-6085-46C4-A731-CA0A223ACE56}.Release|Any CPU.Build.0 = Release|Any CPU
		{BDB676BC-3A39-44B1-A5D7-C6ADC3CD0116}.Debug|Any CPU.ActiveCfg = Debug|Any CPU
		{BDB676BC-3A39-44B1-A5D7-C6ADC3CD0116}.Debug|Any CPU.Build.0 = Debug|Any CPU
		{BDB676BC-3A39-44B1-A5D7-C6ADC3CD0116}.Release|Any CPU.ActiveCfg = Release|Any CPU
		{BDB676BC-3A39-44B1-A5D7-C6ADC3CD0116}.Release|Any CPU.Build.0 = Release|Any CPU
		{A9C1FA12-43A9-4812-BD63-4E064544D811}.Debug|Any CPU.ActiveCfg = Debug|Any CPU
		{A9C1FA12-43A9-4812-BD63-4E064544D811}.Debug|Any CPU.Build.0 = Debug|Any CPU
		{A9C1FA12-43A9-4812-BD63-4E064544D811}.Release|Any CPU.ActiveCfg = Release|Any CPU
		{A9C1FA12-43A9-4812-BD63-4E064544D811}.Release|Any CPU.Build.0 = Release|Any CPU
		{8103463D-A189-435D-AD18-D7BF58EFC4E6}.Debug|Any CPU.ActiveCfg = Debug|Any CPU
		{8103463D-A189-435D-AD18-D7BF58EFC4E6}.Debug|Any CPU.Build.0 = Debug|Any CPU
		{8103463D-A189-435D-AD18-D7BF58EFC4E6}.Release|Any CPU.ActiveCfg = Release|Any CPU
		{8103463D-A189-435D-AD18-D7BF58EFC4E6}.Release|Any CPU.Build.0 = Release|Any CPU
	EndGlobalSection
	GlobalSection(SolutionProperties) = preSolution
		HideSolutionNode = FALSE
	EndGlobalSection
	GlobalSection(ExtensibilityGlobals) = postSolution
		SolutionGuid = {C047C32C-6085-4505-AC69-772744A97C5A}
	EndGlobalSection
EndGlobal
