
Microsoft Visual Studio Solution File, Format Version 12.00
# Visual Studio Version 17
VisualStudioVersion = 17.2.32630.192
MinimumVisualStudioVersion = 10.0.40219.1
Project("{9A19103F-16F7-4668-BE54-9A1E7A4F7556}") = "R5T.T0210", "R5T.T0210\R5T.T0210.csproj", "{F710E7BD-B808-4578-9055-359CD836A9F1}"
EndProject
Project("{2150E333-8FDC-42A3-9474-1A3956D46DE8}") = "_Dependencies", "_Dependencies", "{9EFFCBEC-7121-4D9F-AF72-3C0B62436120}"
EndProject
Project("{9A19103F-16F7-4668-BE54-9A1E7A4F7556}") = "R5T.T0132", "..\..\R5T.T0132\source\R5T.T0132\R5T.T0132.csproj", "{E59ED839-8633-4C12-99E1-7EC393CA8082}"
EndProject
Project("{9A19103F-16F7-4668-BE54-9A1E7A4F7556}") = "R5T.T0143", "..\..\R5T.T0143\source\R5T.T0143\R5T.T0143.csproj", "{1C33F827-3BBF-4B2D-8EED-50158832F742}"
EndProject
Project("{9A19103F-16F7-4668-BE54-9A1E7A4F7556}") = "R5T.T0178", "..\..\R5T.T0178\source\R5T.T0178\R5T.T0178.csproj", "{74DA544D-7F21-4F60-8244-ED18DB150403}"
EndProject
Project("{9A19103F-16F7-4668-BE54-9A1E7A4F7556}") = "R5T.T0179", "..\..\R5T.T0179\source\R5T.T0179\R5T.T0179.csproj", "{648F63A6-8EB7-4B90-A141-B61A4BB026A4}"
EndProject
Project("{9A19103F-16F7-4668-BE54-9A1E7A4F7556}") = "R5T.T0185", "..\..\R5T.T0185\source\R5T.T0185\R5T.T0185.csproj", "{B7F9EC6E-34E2-4B0A-A919-4322E983F2F4}"
EndProject
Project("{9A19103F-16F7-4668-BE54-9A1E7A4F7556}") = "R5T.T0203", "..\..\R5T.T0203\source\R5T.T0203\R5T.T0203.csproj", "{7E6C6066-70B0-4E1E-A06B-2B7BE958D5A2}"
EndProject
Global
	GlobalSection(NestedProjects) = preSolution
		{E59ED839-8633-4C12-99E1-7EC393CA8082} = {9EFFCBEC-7121-4D9F-AF72-3C0B62436120}
		{1C33F827-3BBF-4B2D-8EED-50158832F742} = {9EFFCBEC-7121-4D9F-AF72-3C0B62436120}
		{74DA544D-7F21-4F60-8244-ED18DB150403} = {9EFFCBEC-7121-4D9F-AF72-3C0B62436120}
		{648F63A6-8EB7-4B90-A141-B61A4BB026A4} = {9EFFCBEC-7121-4D9F-AF72-3C0B62436120}
		{B7F9EC6E-34E2-4B0A-A919-4322E983F2F4} = {9EFFCBEC-7121-4D9F-AF72-3C0B62436120}
		{7E6C6066-70B0-4E1E-A06B-2B7BE958D5A2} = {9EFFCBEC-7121-4D9F-AF72-3C0B62436120}
	EndGlobalSection
	GlobalSection(SolutionConfigurationPlatforms) = preSolution
		Debug|Any CPU = Debug|Any CPU
		Release|Any CPU = Release|Any CPU
	EndGlobalSection
	GlobalSection(ProjectConfigurationPlatforms) = postSolution
		{F710E7BD-B808-4578-9055-359CD836A9F1}.Debug|Any CPU.ActiveCfg = Debug|Any CPU
		{F710E7BD-B808-4578-9055-359CD836A9F1}.Debug|Any CPU.Build.0 = Debug|Any CPU
		{F710E7BD-B808-4578-9055-359CD836A9F1}.Release|Any CPU.ActiveCfg = Release|Any CPU
		{F710E7BD-B808-4578-9055-359CD836A9F1}.Release|Any CPU.Build.0 = Release|Any CPU
		{E59ED839-8633-4C12-99E1-7EC393CA8082}.Debug|Any CPU.ActiveCfg = Debug|Any CPU
		{E59ED839-8633-4C12-99E1-7EC393CA8082}.Debug|Any CPU.Build.0 = Debug|Any CPU
		{E59ED839-8633-4C12-99E1-7EC393CA8082}.Release|Any CPU.ActiveCfg = Release|Any CPU
		{E59ED839-8633-4C12-99E1-7EC393CA8082}.Release|Any CPU.Build.0 = Release|Any CPU
		{1C33F827-3BBF-4B2D-8EED-50158832F742}.Debug|Any CPU.ActiveCfg = Debug|Any CPU
		{1C33F827-3BBF-4B2D-8EED-50158832F742}.Debug|Any CPU.Build.0 = Debug|Any CPU
		{1C33F827-3BBF-4B2D-8EED-50158832F742}.Release|Any CPU.ActiveCfg = Release|Any CPU
		{1C33F827-3BBF-4B2D-8EED-50158832F742}.Release|Any CPU.Build.0 = Release|Any CPU
		{74DA544D-7F21-4F60-8244-ED18DB150403}.Debug|Any CPU.ActiveCfg = Debug|Any CPU
		{74DA544D-7F21-4F60-8244-ED18DB150403}.Debug|Any CPU.Build.0 = Debug|Any CPU
		{74DA544D-7F21-4F60-8244-ED18DB150403}.Release|Any CPU.ActiveCfg = Release|Any CPU
		{74DA544D-7F21-4F60-8244-ED18DB150403}.Release|Any CPU.Build.0 = Release|Any CPU
		{648F63A6-8EB7-4B90-A141-B61A4BB026A4}.Debug|Any CPU.ActiveCfg = Debug|Any CPU
		{648F63A6-8EB7-4B90-A141-B61A4BB026A4}.Debug|Any CPU.Build.0 = Debug|Any CPU
		{648F63A6-8EB7-4B90-A141-B61A4BB026A4}.Release|Any CPU.ActiveCfg = Release|Any CPU
		{648F63A6-8EB7-4B90-A141-B61A4BB026A4}.Release|Any CPU.Build.0 = Release|Any CPU
		{B7F9EC6E-34E2-4B0A-A919-4322E983F2F4}.Debug|Any CPU.ActiveCfg = Debug|Any CPU
		{B7F9EC6E-34E2-4B0A-A919-4322E983F2F4}.Debug|Any CPU.Build.0 = Debug|Any CPU
		{B7F9EC6E-34E2-4B0A-A919-4322E983F2F4}.Release|Any CPU.ActiveCfg = Release|Any CPU
		{B7F9EC6E-34E2-4B0A-A919-4322E983F2F4}.Release|Any CPU.Build.0 = Release|Any CPU
		{7E6C6066-70B0-4E1E-A06B-2B7BE958D5A2}.Debug|Any CPU.ActiveCfg = Debug|Any CPU
		{7E6C6066-70B0-4E1E-A06B-2B7BE958D5A2}.Debug|Any CPU.Build.0 = Debug|Any CPU
		{7E6C6066-70B0-4E1E-A06B-2B7BE958D5A2}.Release|Any CPU.ActiveCfg = Release|Any CPU
		{7E6C6066-70B0-4E1E-A06B-2B7BE958D5A2}.Release|Any CPU.Build.0 = Release|Any CPU
	EndGlobalSection
	GlobalSection(SolutionProperties) = preSolution
		HideSolutionNode = FALSE
	EndGlobalSection
	GlobalSection(ExtensibilityGlobals) = postSolution
		SolutionGuid = {506A362C-0CBC-47B8-8290-CE3E07D9CE13}
	EndGlobalSection
EndGlobal
